{
  "version": "3",
  "packages": {
    "specifiers": {
      "jsr:@vixeny/core@0.1.42": "jsr:@vixeny/core@0.1.42",
      "npm:ejs": "npm:ejs@3.1.10",
      "npm:esbuild": "npm:esbuild@0.21.4",
      "npm:postcss": "npm:postcss@8.4.38",
      "npm:pug": "npm:pug@3.0.3",
      "npm:sass": "npm:sass@1.77.4",
      "npm:unified": "npm:unified@11.0.4"
    },
    "jsr": {
      "@vixeny/core@0.1.42": {
        "integrity": "874dda13a029cb18dd498238687eae6095102813a9dc34274737d6c436450507"
      }
    },
    "npm": {
      "@babel/helper-string-parser@7.24.6": {
        "integrity": "sha512-WdJjwMEkmBicq5T9fm/cHND3+UlFa2Yj8ALLgmoSQAJZysYbBjw+azChSGPN4DSPLXOcooGRvDwZWMcF/mLO2Q==",
        "dependencies": {}
      },
      "@babel/helper-validator-identifier@7.24.6": {
        "integrity": "sha512-4yA7s865JHaqUdRbnaxarZREuPTHrjpDT+pXoAZ1yhyo6uFnIEpS8VMu16siFOHDpZNKYv5BObhsB//ycbICyw==",
        "dependencies": {}
      },
      "@babel/parser@7.24.6": {
        "integrity": "sha512-eNZXdfU35nJC2h24RznROuOpO94h6x8sg9ju0tT9biNtLZ2vuP8SduLqqV+/8+cebSLV9SJEAN5Z3zQbJG/M+Q==",
        "dependencies": {}
      },
      "@babel/types@7.24.6": {
        "integrity": "sha512-WaMsgi6Q8zMgMth93GvWPXkhAIEobfsIkLTacoVZoK1J0CevIPGYY2Vo5YvJGqyHqXM6P4ppOYGsIRU8MM9pFQ==",
        "dependencies": {
          "@babel/helper-string-parser": "@babel/helper-string-parser@7.24.6",
          "@babel/helper-validator-identifier": "@babel/helper-validator-identifier@7.24.6",
          "to-fast-properties": "to-fast-properties@2.0.0"
        }
      },
      "@esbuild/aix-ppc64@0.21.4": {
        "integrity": "sha512-Zrm+B33R4LWPLjDEVnEqt2+SLTATlru1q/xYKVn8oVTbiRBGmK2VIMoIYGJDGyftnGaC788IuzGFAlb7IQ0Y8A==",
        "dependencies": {}
      },
      "@esbuild/android-arm64@0.21.4": {
        "integrity": "sha512-fYFnz+ObClJ3dNiITySBUx+oNalYUT18/AryMxfovLkYWbutXsct3Wz2ZWAcGGppp+RVVX5FiXeLYGi97umisA==",
        "dependencies": {}
      },
      "@esbuild/android-arm@0.21.4": {
        "integrity": "sha512-E7H/yTd8kGQfY4z9t3nRPk/hrhaCajfA3YSQSBrst8B+3uTcgsi8N+ZWYCaeIDsiVs6m65JPCaQN/DxBRclF3A==",
        "dependencies": {}
      },
      "@esbuild/android-x64@0.21.4": {
        "integrity": "sha512-mDqmlge3hFbEPbCWxp4fM6hqq7aZfLEHZAKGP9viq9wMUBVQx202aDIfc3l+d2cKhUJM741VrCXEzRFhPDKH3Q==",
        "dependencies": {}
      },
      "@esbuild/darwin-arm64@0.21.4": {
        "integrity": "sha512-72eaIrDZDSiWqpmCzVaBD58c8ea8cw/U0fq/PPOTqE3c53D0xVMRt2ooIABZ6/wj99Y+h4ksT/+I+srCDLU9TA==",
        "dependencies": {}
      },
      "@esbuild/darwin-x64@0.21.4": {
        "integrity": "sha512-uBsuwRMehGmw1JC7Vecu/upOjTsMhgahmDkWhGLWxIgUn2x/Y4tIwUZngsmVb6XyPSTXJYS4YiASKPcm9Zitag==",
        "dependencies": {}
      },
      "@esbuild/freebsd-arm64@0.21.4": {
        "integrity": "sha512-8JfuSC6YMSAEIZIWNL3GtdUT5NhUA/CMUCpZdDRolUXNAXEE/Vbpe6qlGLpfThtY5NwXq8Hi4nJy4YfPh+TwAg==",
        "dependencies": {}
      },
      "@esbuild/freebsd-x64@0.21.4": {
        "integrity": "sha512-8d9y9eQhxv4ef7JmXny7591P/PYsDFc4+STaxC1GBv0tMyCdyWfXu2jBuqRsyhY8uL2HU8uPyscgE2KxCY9imQ==",
        "dependencies": {}
      },
      "@esbuild/linux-arm64@0.21.4": {
        "integrity": "sha512-/GLD2orjNU50v9PcxNpYZi+y8dJ7e7/LhQukN3S4jNDXCKkyyiyAz9zDw3siZ7Eh1tRcnCHAo/WcqKMzmi4eMQ==",
        "dependencies": {}
      },
      "@esbuild/linux-arm@0.21.4": {
        "integrity": "sha512-2rqFFefpYmpMs+FWjkzSgXg5vViocqpq5a1PSRgT0AvSgxoXmGF17qfGAzKedg6wAwyM7UltrKVo9kxaJLMF/g==",
        "dependencies": {}
      },
      "@esbuild/linux-ia32@0.21.4": {
        "integrity": "sha512-pNftBl7m/tFG3t2m/tSjuYeWIffzwAZT9m08+9DPLizxVOsUl8DdFzn9HvJrTQwe3wvJnwTdl92AonY36w/25g==",
        "dependencies": {}
      },
      "@esbuild/linux-loong64@0.21.4": {
        "integrity": "sha512-cSD2gzCK5LuVX+hszzXQzlWya6c7hilO71L9h4KHwqI4qeqZ57bAtkgcC2YioXjsbfAv4lPn3qe3b00Zt+jIfQ==",
        "dependencies": {}
      },
      "@esbuild/linux-mips64el@0.21.4": {
        "integrity": "sha512-qtzAd3BJh7UdbiXCrg6npWLYU0YpufsV9XlufKhMhYMJGJCdfX/G6+PNd0+v877X1JG5VmjBLUiFB0o8EUSicA==",
        "dependencies": {}
      },
      "@esbuild/linux-ppc64@0.21.4": {
        "integrity": "sha512-yB8AYzOTaL0D5+2a4xEy7OVvbcypvDR05MsB/VVPVA7nL4hc5w5Dyd/ddnayStDgJE59fAgNEOdLhBxjfx5+dg==",
        "dependencies": {}
      },
      "@esbuild/linux-riscv64@0.21.4": {
        "integrity": "sha512-Y5AgOuVzPjQdgU59ramLoqSSiXddu7F3F+LI5hYy/d1UHN7K5oLzYBDZe23QmQJ9PIVUXwOdKJ/jZahPdxzm9w==",
        "dependencies": {}
      },
      "@esbuild/linux-s390x@0.21.4": {
        "integrity": "sha512-Iqc/l/FFwtt8FoTK9riYv9zQNms7B8u+vAI/rxKuN10HgQIXaPzKZc479lZ0x6+vKVQbu55GdpYpeNWzjOhgbA==",
        "dependencies": {}
      },
      "@esbuild/linux-x64@0.21.4": {
        "integrity": "sha512-Td9jv782UMAFsuLZINfUpoF5mZIbAj+jv1YVtE58rFtfvoKRiKSkRGQfHTgKamLVT/fO7203bHa3wU122V/Bdg==",
        "dependencies": {}
      },
      "@esbuild/netbsd-x64@0.21.4": {
        "integrity": "sha512-Awn38oSXxsPMQxaV0Ipb7W/gxZtk5Tx3+W+rAPdZkyEhQ6968r9NvtkjhnhbEgWXYbgV+JEONJ6PcdBS+nlcpA==",
        "dependencies": {}
      },
      "@esbuild/openbsd-x64@0.21.4": {
        "integrity": "sha512-IsUmQeCY0aU374R82fxIPu6vkOybWIMc3hVGZ3ChRwL9hA1TwY+tS0lgFWV5+F1+1ssuvvXt3HFqe8roCip8Hg==",
        "dependencies": {}
      },
      "@esbuild/sunos-x64@0.21.4": {
        "integrity": "sha512-hsKhgZ4teLUaDA6FG/QIu2q0rI6I36tZVfM4DBZv3BG0mkMIdEnMbhc4xwLvLJSS22uWmaVkFkqWgIS0gPIm+A==",
        "dependencies": {}
      },
      "@esbuild/win32-arm64@0.21.4": {
        "integrity": "sha512-UUfMgMoXPoA/bvGUNfUBFLCh0gt9dxZYIx9W4rfJr7+hKe5jxxHmfOK8YSH4qsHLLN4Ck8JZ+v7Q5fIm1huErg==",
        "dependencies": {}
      },
      "@esbuild/win32-ia32@0.21.4": {
        "integrity": "sha512-yIxbspZb5kGCAHWm8dexALQ9en1IYDfErzjSEq1KzXFniHv019VT3mNtTK7t8qdy4TwT6QYHI9sEZabONHg+aw==",
        "dependencies": {}
      },
      "@esbuild/win32-x64@0.21.4": {
        "integrity": "sha512-sywLRD3UK/qRJt0oBwdpYLBibk7KiRfbswmWRDabuncQYSlf8aLEEUor/oP6KRz8KEG+HoiVLBhPRD5JWjS8Sg==",
        "dependencies": {}
      },
      "@types/unist@3.0.2": {
        "integrity": "sha512-dqId9J8K/vGi5Zr7oo212BGii5m3q5Hxlkwy3WpYuKPklmBEvsbMYYyLxAQpSffdLl/gdW0XUpKWFvYmyoWCoQ==",
        "dependencies": {}
      },
      "acorn@7.4.1": {
        "integrity": "sha512-nQyp0o1/mNdbTO1PO6kHkwSrmgZ0MT/jCCpNiwbUjGoRN4dlBhqJtoQuCnEOKzgTVwg0ZWiCoQy6SxMebQVh8A==",
        "dependencies": {}
      },
      "ansi-styles@4.3.0": {
        "integrity": "sha512-zbB9rCJAT1rbjiVDb2hqKFHNYLxgtk8NURxZ3IZwD3F6NtxbXZQCnnSi1Lkx+IDohdPlFp222wVALIheZJQSEg==",
        "dependencies": {
          "color-convert": "color-convert@2.0.1"
        }
      },
      "anymatch@3.1.3": {
        "integrity": "sha512-KMReFUr0B4t+D+OBkjR3KYqvocp2XaSzO55UcB6mgQMd3KbcE+mWTyvVV7D/zsdEbNnV6acZUutkiHQXvTr1Rw==",
        "dependencies": {
          "normalize-path": "normalize-path@3.0.0",
          "picomatch": "picomatch@2.3.1"
        }
      },
      "asap@2.0.6": {
        "integrity": "sha512-BSHWgDSAiKs50o2Re8ppvp3seVHXSRM44cdSsT9FfNEUUZLOGWVCsiWaRPWM1Znn+mqZ1OfVZ3z3DWEzSp7hRA==",
        "dependencies": {}
      },
      "assert-never@1.2.1": {
        "integrity": "sha512-TaTivMB6pYI1kXwrFlEhLeGfOqoDNdTxjCdwRfFFkEA30Eu+k48W34nlok2EYWJfFFzqaEmichdNM7th6M5HNw==",
        "dependencies": {}
      },
      "async@3.2.5": {
        "integrity": "sha512-baNZyqaaLhyLVKm/DlvdW051MSgO6b8eVfIezl9E5PqWxFgzLm/wQntEW4zOytVburDEr0JlALEpdOFwvErLsg==",
        "dependencies": {}
      },
      "babel-walk@3.0.0-canary-5": {
        "integrity": "sha512-GAwkz0AihzY5bkwIY5QDR+LvsRQgB/B+1foMPvi0FZPMl5fjD7ICiznUiBdLYMH1QYe6vqu4gWYytZOccLouFw==",
        "dependencies": {
          "@babel/types": "@babel/types@7.24.6"
        }
      },
      "bail@2.0.2": {
        "integrity": "sha512-0xO6mYd7JB2YesxDKplafRpsiOzPt9V02ddPCLbY1xYGPOX24NTyN50qnUxgCPcSoYMhKpAuBTjQoRZCAkUDRw==",
        "dependencies": {}
      },
      "balanced-match@1.0.2": {
        "integrity": "sha512-3oSeUO0TMV67hN1AmbXsK4yaqU7tjiHlbxRDZOpH0KW9+CeX4bRAaX0Anxt0tx2MrpRpWwQaPwIlISEJhYU5Pw==",
        "dependencies": {}
      },
      "binary-extensions@2.3.0": {
        "integrity": "sha512-Ceh+7ox5qe7LJuLHoY0feh3pHuUDHAcRUeyL2VYghZwfpkNIy/+8Ocg0a3UuSoYzavmylwuLWQOf3hl0jjMMIw==",
        "dependencies": {}
      },
      "brace-expansion@1.1.11": {
        "integrity": "sha512-iCuPHDFgrHX7H2vEI/5xpz07zSHB00TpugqhmYtVmMO6518mCuRMoOYFldEBl0g187ufozdaHgWKcYFb61qGiA==",
        "dependencies": {
          "balanced-match": "balanced-match@1.0.2",
          "concat-map": "concat-map@0.0.1"
        }
      },
      "brace-expansion@2.0.1": {
        "integrity": "sha512-XnAIvQ8eM+kC6aULx6wuQiwVsnzsi9d3WxzV3FpWTGA19F621kwdbsAcFKXgKUHZWsy+mY6iL1sHTxWEFCytDA==",
        "dependencies": {
          "balanced-match": "balanced-match@1.0.2"
        }
      },
      "braces@3.0.3": {
        "integrity": "sha512-yQbXgO/OSZVD2IsiLlro+7Hf6Q18EJrKSEsdoMzKePKXct3gvD8oLcOQdIzGupr5Fj+EDe8gO/lxc1BzfMpxvA==",
        "dependencies": {
          "fill-range": "fill-range@7.1.1"
        }
      },
      "call-bind@1.0.7": {
        "integrity": "sha512-GHTSNSYICQ7scH7sZ+M2rFopRoLh8t2bLSW6BbgrtLsahOIB5iyAVJf9GjWK3cYTDaMj4XdBpM1cA6pIS0Kv2w==",
        "dependencies": {
          "es-define-property": "es-define-property@1.0.0",
          "es-errors": "es-errors@1.3.0",
          "function-bind": "function-bind@1.1.2",
          "get-intrinsic": "get-intrinsic@1.2.4",
          "set-function-length": "set-function-length@1.2.2"
        }
      },
      "chalk@4.1.2": {
        "integrity": "sha512-oKnbhFyRIXpUuez8iBMmyEa4nbj4IOQyuhc/wy9kY7/WVPcwIO9VA668Pu8RkO7+0G76SLROeyw9CpQ061i4mA==",
        "dependencies": {
          "ansi-styles": "ansi-styles@4.3.0",
          "supports-color": "supports-color@7.2.0"
        }
      },
      "character-parser@2.2.0": {
        "integrity": "sha512-+UqJQjFEFaTAs3bNsF2j2kEN1baG/zghZbdqoYEDxGZtJo9LBzl1A+m0D4n3qKx8N2FNv8/Xp6yV9mQmBuptaw==",
        "dependencies": {
          "is-regex": "is-regex@1.1.4"
        }
      },
      "chokidar@3.6.0": {
        "integrity": "sha512-7VT13fmjotKpGipCW9JEQAusEPE+Ei8nl6/g4FBAmIm0GOOLMua9NDDo/DWp0ZAxCr3cPq5ZpBqmPAQgDda2Pw==",
        "dependencies": {
          "anymatch": "anymatch@3.1.3",
          "braces": "braces@3.0.3",
          "fsevents": "fsevents@2.3.3",
          "glob-parent": "glob-parent@5.1.2",
          "is-binary-path": "is-binary-path@2.1.0",
          "is-glob": "is-glob@4.0.3",
          "normalize-path": "normalize-path@3.0.0",
          "readdirp": "readdirp@3.6.0"
        }
      },
      "color-convert@2.0.1": {
        "integrity": "sha512-RRECPsj7iu/xb5oKYcsFHSppFNnsj/52OVTRKb4zP5onXwVF3zVmmToNcOfGC+CRDpfK/U584fMg38ZHCaElKQ==",
        "dependencies": {
          "color-name": "color-name@1.1.4"
        }
      },
      "color-name@1.1.4": {
        "integrity": "sha512-dOy+3AuW3a2wNbZHIuMZpTcgjGuLU/uBL/ubcZF9OXbDo8ff4O8yVp5Bf0efS8uEoYo5q4Fx7dY9OgQGXgAsQA==",
        "dependencies": {}
      },
      "concat-map@0.0.1": {
        "integrity": "sha512-/Srv4dswyQNBfohGpz9o6Yb3Gz3SrUDqBH5rTuhGR7ahtlbYKnVxw2bCFMRljaA7EXHaXZ8wsHdodFvbkhKmqg==",
        "dependencies": {}
      },
      "constantinople@4.0.1": {
        "integrity": "sha512-vCrqcSIq4//Gx74TXXCGnHpulY1dskqLTFGDmhrGxzeXL8lF8kvXv6mpNWlJj1uD4DW23D4ljAqbY4RRaaUZIw==",
        "dependencies": {
          "@babel/parser": "@babel/parser@7.24.6",
          "@babel/types": "@babel/types@7.24.6"
        }
      },
      "define-data-property@1.1.4": {
        "integrity": "sha512-rBMvIzlpA8v6E+SJZoo++HAYqsLrkg7MSfIinMPFhmkorw7X+dOXVJQs+QT69zGkzMyfDnIMN2Wid1+NbL3T+A==",
        "dependencies": {
          "es-define-property": "es-define-property@1.0.0",
          "es-errors": "es-errors@1.3.0",
          "gopd": "gopd@1.0.1"
        }
      },
      "dequal@2.0.3": {
        "integrity": "sha512-0je+qPKHEMohvfRTCEo3CrPG6cAzAYgmzKyxRiYSSDkS6eGJdyVJm7WaYA5ECaAD9wLB2T4EEeymA5aFVcYXCA==",
        "dependencies": {}
      },
      "devlop@1.1.0": {
        "integrity": "sha512-RWmIqhcFf1lRYBvNmr7qTNuyCt/7/ns2jbpp1+PalgE/rDQcBT0fioSMUpJ93irlUhC5hrg4cYqe6U+0ImW0rA==",
        "dependencies": {
          "dequal": "dequal@2.0.3"
        }
      },
      "doctypes@1.1.0": {
        "integrity": "sha512-LLBi6pEqS6Do3EKQ3J0NqHWV5hhb78Pi8vvESYwyOy2c31ZEZVdtitdzsQsKb7878PEERhzUk0ftqGhG6Mz+pQ==",
        "dependencies": {}
      },
      "ejs@3.1.10": {
        "integrity": "sha512-UeJmFfOrAQS8OJWPZ4qtgHyWExa088/MtK5UEyoJGFH67cDEXkZSviOiKRCZ4Xij0zxI3JECgYs3oKx+AizQBA==",
        "dependencies": {
          "jake": "jake@10.9.1"
        }
      },
      "es-define-property@1.0.0": {
        "integrity": "sha512-jxayLKShrEqqzJ0eumQbVhTYQM27CfT1T35+gCgDFoL82JLsXqTJ76zv6A0YLOgEnLUMvLzsDsGIrl8NFpT2gQ==",
        "dependencies": {
          "get-intrinsic": "get-intrinsic@1.2.4"
        }
      },
      "es-errors@1.3.0": {
        "integrity": "sha512-Zf5H2Kxt2xjTvbJvP2ZWLEICxA6j+hAmMzIlypy4xcBg1vKVnx89Wy0GbS+kf5cwCVFFzdCFh2XSCFNULS6csw==",
        "dependencies": {}
      },
      "esbuild@0.21.4": {
        "integrity": "sha512-sFMcNNrj+Q0ZDolrp5pDhH0nRPN9hLIM3fRPwgbLYJeSHHgnXSnbV3xYgSVuOeLWH9c73VwmEverVzupIv5xuA==",
        "dependencies": {
          "@esbuild/aix-ppc64": "@esbuild/aix-ppc64@0.21.4",
          "@esbuild/android-arm": "@esbuild/android-arm@0.21.4",
          "@esbuild/android-arm64": "@esbuild/android-arm64@0.21.4",
          "@esbuild/android-x64": "@esbuild/android-x64@0.21.4",
          "@esbuild/darwin-arm64": "@esbuild/darwin-arm64@0.21.4",
          "@esbuild/darwin-x64": "@esbuild/darwin-x64@0.21.4",
          "@esbuild/freebsd-arm64": "@esbuild/freebsd-arm64@0.21.4",
          "@esbuild/freebsd-x64": "@esbuild/freebsd-x64@0.21.4",
          "@esbuild/linux-arm": "@esbuild/linux-arm@0.21.4",
          "@esbuild/linux-arm64": "@esbuild/linux-arm64@0.21.4",
          "@esbuild/linux-ia32": "@esbuild/linux-ia32@0.21.4",
          "@esbuild/linux-loong64": "@esbuild/linux-loong64@0.21.4",
          "@esbuild/linux-mips64el": "@esbuild/linux-mips64el@0.21.4",
          "@esbuild/linux-ppc64": "@esbuild/linux-ppc64@0.21.4",
          "@esbuild/linux-riscv64": "@esbuild/linux-riscv64@0.21.4",
          "@esbuild/linux-s390x": "@esbuild/linux-s390x@0.21.4",
          "@esbuild/linux-x64": "@esbuild/linux-x64@0.21.4",
          "@esbuild/netbsd-x64": "@esbuild/netbsd-x64@0.21.4",
          "@esbuild/openbsd-x64": "@esbuild/openbsd-x64@0.21.4",
          "@esbuild/sunos-x64": "@esbuild/sunos-x64@0.21.4",
          "@esbuild/win32-arm64": "@esbuild/win32-arm64@0.21.4",
          "@esbuild/win32-ia32": "@esbuild/win32-ia32@0.21.4",
          "@esbuild/win32-x64": "@esbuild/win32-x64@0.21.4"
        }
      },
      "extend@3.0.2": {
        "integrity": "sha512-fjquC59cD7CyW6urNXK0FBufkZcoiGG80wTuPujX590cB5Ttln20E2UB4S/WARVqhXffZl2LNgS+gQdPIIim/g==",
        "dependencies": {}
      },
      "filelist@1.0.4": {
        "integrity": "sha512-w1cEuf3S+DrLCQL7ET6kz+gmlJdbq9J7yXCSjK/OZCPA+qEN1WyF4ZAf0YYJa4/shHJra2t/d/r8SV4Ji+x+8Q==",
        "dependencies": {
          "minimatch": "minimatch@5.1.6"
        }
      },
      "fill-range@7.1.1": {
        "integrity": "sha512-YsGpe3WHLK8ZYi4tWDg2Jy3ebRz2rXowDxnld4bkQB00cc/1Zw9AWnC0i9ztDJitivtQvaI9KaLyKrc+hBW0yg==",
        "dependencies": {
          "to-regex-range": "to-regex-range@5.0.1"
        }
      },
      "fsevents@2.3.3": {
        "integrity": "sha512-5xoDfX+fL7faATnagmWPpbFtwh/R77WmMMqqHGS65C3vvB0YHrgF+B1YmZ3441tMj5n63k0212XNoJwzlhffQw==",
        "dependencies": {}
      },
      "function-bind@1.1.2": {
        "integrity": "sha512-7XHNxH7qX9xG5mIwxkhumTox/MIRNcOgDrxWsMt2pAr23WHp6MrRlN7FBSFpCpr+oVO0F744iUgR82nJMfG2SA==",
        "dependencies": {}
      },
      "get-intrinsic@1.2.4": {
        "integrity": "sha512-5uYhsJH8VJBTv7oslg4BznJYhDoRI6waYCxMmCdnTrcCrHA/fCFKoTFz2JKKE0HdDFUF7/oQuhzumXJK7paBRQ==",
        "dependencies": {
          "es-errors": "es-errors@1.3.0",
          "function-bind": "function-bind@1.1.2",
          "has-proto": "has-proto@1.0.3",
          "has-symbols": "has-symbols@1.0.3",
          "hasown": "hasown@2.0.2"
        }
      },
      "glob-parent@5.1.2": {
        "integrity": "sha512-AOIgSQCepiJYwP3ARnGx+5VnTu2HBYdzbGP45eLw1vr3zB3vZLeyed1sC9hnbcOc9/SrMyM5RPQrkGz4aS9Zow==",
        "dependencies": {
          "is-glob": "is-glob@4.0.3"
        }
      },
      "gopd@1.0.1": {
        "integrity": "sha512-d65bNlIadxvpb/A2abVdlqKqV563juRnZ1Wtk6s1sIR8uNsXR70xqIzVqxVf1eTqDunwT2MkczEeaezCKTZhwA==",
        "dependencies": {
          "get-intrinsic": "get-intrinsic@1.2.4"
        }
      },
      "has-flag@4.0.0": {
        "integrity": "sha512-EykJT/Q1KjTWctppgIAgfSO0tKVuZUjhgMr17kqTumMl6Afv3EISleU7qZUzoXDFTAHTDC4NOoG/ZxU3EvlMPQ==",
        "dependencies": {}
      },
      "has-property-descriptors@1.0.2": {
        "integrity": "sha512-55JNKuIW+vq4Ke1BjOTjM2YctQIvCT7GFzHwmfZPGo5wnrgkid0YQtnAleFSqumZm4az3n2BS+erby5ipJdgrg==",
        "dependencies": {
          "es-define-property": "es-define-property@1.0.0"
        }
      },
      "has-proto@1.0.3": {
        "integrity": "sha512-SJ1amZAJUiZS+PhsVLf5tGydlaVB8EdFpaSO4gmiUKUOxk8qzn5AIy4ZeJUmh22znIdk/uMAUT2pl3FxzVUH+Q==",
        "dependencies": {}
      },
      "has-symbols@1.0.3": {
        "integrity": "sha512-l3LCuF6MgDNwTDKkdYGEihYjt5pRPbEg46rtlmnSPlUbgmB8LOIrKJbYYFBSbnPaJexMKtiPO8hmeRjRz2Td+A==",
        "dependencies": {}
      },
      "has-tostringtag@1.0.2": {
        "integrity": "sha512-NqADB8VjPFLM2V0VvHUewwwsw0ZWBaIdgo+ieHtK3hasLz4qeCRjYcqfB6AQrBggRKppKF8L52/VqdVsO47Dlw==",
        "dependencies": {
          "has-symbols": "has-symbols@1.0.3"
        }
      },
      "hasown@2.0.2": {
        "integrity": "sha512-0hJU9SCPvmMzIBdZFqNPXWa6dqh7WdH0cII9y+CyS8rG3nL48Bclra9HmKhVVUHyPWNH5Y7xDwAB7bfgSjkUMQ==",
        "dependencies": {
          "function-bind": "function-bind@1.1.2"
        }
      },
      "immutable@4.3.6": {
        "integrity": "sha512-Ju0+lEMyzMVZarkTn/gqRpdqd5dOPaz1mCZ0SH3JV6iFw81PldE/PEB1hWVEA288HPt4WXW8O7AWxB10M+03QQ==",
        "dependencies": {}
      },
      "is-binary-path@2.1.0": {
        "integrity": "sha512-ZMERYes6pDydyuGidse7OsHxtbI7WVeUEozgR/g7rd0xUimYNlvZRE/K2MgZTjWy725IfelLeVcEM97mmtRGXw==",
        "dependencies": {
          "binary-extensions": "binary-extensions@2.3.0"
        }
      },
      "is-core-module@2.13.1": {
        "integrity": "sha512-hHrIjvZsftOsvKSn2TRYl63zvxsgE0K+0mYMoH6gD4omR5IWB2KynivBQczo3+wF1cCkjzvptnI9Q0sPU66ilw==",
        "dependencies": {
          "hasown": "hasown@2.0.2"
        }
      },
      "is-expression@4.0.0": {
        "integrity": "sha512-zMIXX63sxzG3XrkHkrAPvm/OVZVSCPNkwMHU8oTX7/U3AL78I0QXCEICXUM13BIa8TYGZ68PiTKfQz3yaTNr4A==",
        "dependencies": {
          "acorn": "acorn@7.4.1",
          "object-assign": "object-assign@4.1.1"
        }
      },
      "is-extglob@2.1.1": {
        "integrity": "sha512-SbKbANkN603Vi4jEZv49LeVJMn4yGwsbzZworEoyEiutsN3nJYdbO36zfhGJ6QEDpOZIFkDtnq5JRxmvl3jsoQ==",
        "dependencies": {}
      },
      "is-glob@4.0.3": {
        "integrity": "sha512-xelSayHH36ZgE7ZWhli7pW34hNbNl8Ojv5KVmkJD4hBdD3th8Tfk9vYasLM+mXWOZhFkgZfxhLSnrwRr4elSSg==",
        "dependencies": {
          "is-extglob": "is-extglob@2.1.1"
        }
      },
      "is-number@7.0.0": {
        "integrity": "sha512-41Cifkg6e8TylSpdtTpeLVMqvSBEVzTttHvERD741+pnZ8ANv0004MRL43QKPDlK9cGvNp6NZWZUBlbGXYxxng==",
        "dependencies": {}
      },
      "is-plain-obj@4.1.0": {
        "integrity": "sha512-+Pgi+vMuUNkJyExiMBt5IlFoMyKnr5zhJ4Uspz58WOhBF5QoIZkFyNHIbBAtHwzVAgk5RtndVNsDRN61/mmDqg==",
        "dependencies": {}
      },
      "is-promise@2.2.2": {
        "integrity": "sha512-+lP4/6lKUBfQjZ2pdxThZvLUAafmZb8OAxFb8XXtiQmS35INgr85hdOGoEs124ez1FCnZJt6jau/T+alh58QFQ==",
        "dependencies": {}
      },
      "is-regex@1.1.4": {
        "integrity": "sha512-kvRdxDsxZjhzUX07ZnLydzS1TU/TJlTUHHY4YLL87e37oUA49DfkLqgy+VjFocowy29cKvcSiu+kIv728jTTVg==",
        "dependencies": {
          "call-bind": "call-bind@1.0.7",
          "has-tostringtag": "has-tostringtag@1.0.2"
        }
      },
      "jake@10.9.1": {
        "integrity": "sha512-61btcOHNnLnsOdtLgA5efqQWjnSi/vow5HbI7HMdKKWqvrKR1bLK3BPlJn9gcSaP2ewuamUSMB5XEy76KUIS2w==",
        "dependencies": {
          "async": "async@3.2.5",
          "chalk": "chalk@4.1.2",
          "filelist": "filelist@1.0.4",
          "minimatch": "minimatch@3.1.2"
        }
      },
      "js-stringify@1.0.2": {
        "integrity": "sha512-rtS5ATOo2Q5k1G+DADISilDA6lv79zIiwFd6CcjuIxGKLFm5C+RLImRscVap9k55i+MOZwgliw+NejvkLuGD5g==",
        "dependencies": {}
      },
      "jstransformer@1.0.0": {
        "integrity": "sha512-C9YK3Rf8q6VAPDCCU9fnqo3mAfOH6vUGnMcP4AQAYIEpWtfGLpwOTmZ+igtdK5y+VvI2n3CyYSzy4Qh34eq24A==",
        "dependencies": {
          "is-promise": "is-promise@2.2.2",
          "promise": "promise@7.3.1"
        }
      },
      "minimatch@3.1.2": {
        "integrity": "sha512-J7p63hRiAjw1NDEww1W7i37+ByIrOWO5XQQAzZ3VOcL0PNybwpfmV/N05zFAzwQ9USyEcX6t3UO+K5aqBQOIHw==",
        "dependencies": {
          "brace-expansion": "brace-expansion@1.1.11"
        }
      },
      "minimatch@5.1.6": {
        "integrity": "sha512-lKwV/1brpG6mBUFHtb7NUmtABCb2WZZmm2wNiOA5hAb8VdCS4B3dtMWyvcoViccwAW/COERjXLt0zP1zXUN26g==",
        "dependencies": {
          "brace-expansion": "brace-expansion@2.0.1"
        }
      },
      "nanoid@3.3.7": {
        "integrity": "sha512-eSRppjcPIatRIMC1U6UngP8XFcz8MQWGQdt1MTBQ7NaAmvXDfvNxbvWV3x2y6CdEUciCSsDHDQZbhYaB8QEo2g==",
        "dependencies": {}
      },
      "normalize-path@3.0.0": {
        "integrity": "sha512-6eZs5Ls3WtCisHWp9S2GUy8dqkpGi4BVSz3GaqiE6ezub0512ESztXUwUB6C6IKbQkY2Pnb/mD4WYojCRwcwLA==",
        "dependencies": {}
      },
      "object-assign@4.1.1": {
        "integrity": "sha512-rJgTQnkUnH1sFw8yT6VSU3zD3sWmu6sZhIseY8VX+GRu3P6F7Fu+JNDoXfklElbLJSnc3FUQHVe4cU5hj+BcUg==",
        "dependencies": {}
      },
      "path-parse@1.0.7": {
        "integrity": "sha512-LDJzPVEEEPR+y48z93A0Ed0yXb8pAByGWo/k5YYdYgpY2/2EsOsksJrq7lOHxryrVOn1ejG6oAp8ahvOIQD8sw==",
        "dependencies": {}
      },
      "picocolors@1.0.1": {
        "integrity": "sha512-anP1Z8qwhkbmu7MFP5iTt+wQKXgwzf7zTyGlcdzabySa9vd0Xt392U0rVmz9poOaBj0uHJKyyo9/upk0HrEQew==",
        "dependencies": {}
      },
      "picomatch@2.3.1": {
        "integrity": "sha512-JU3teHTNjmE2VCGFzuY8EXzCDVwEqB2a8fsIvwaStHhAWJEeVd1o1QD80CU6+ZdEXXSLbSsuLwJjkCBWqRQUVA==",
        "dependencies": {}
      },
      "postcss@8.4.38": {
        "integrity": "sha512-Wglpdk03BSfXkHoQa3b/oulrotAkwrlLDRSOb9D0bN86FdRyE9lppSp33aHNPgBa0JKCoB+drFLZkQoRRYae5A==",
        "dependencies": {
          "nanoid": "nanoid@3.3.7",
          "picocolors": "picocolors@1.0.1",
          "source-map-js": "source-map-js@1.2.0"
        }
      },
      "promise@7.3.1": {
        "integrity": "sha512-nolQXZ/4L+bP/UGlkfaIujX9BKxGwmQ9OT4mOt5yvy8iK1h3wqTEJCijzGANTCCl9nWjY41juyAn2K3Q1hLLTg==",
        "dependencies": {
          "asap": "asap@2.0.6"
        }
      },
      "pug-attrs@3.0.0": {
        "integrity": "sha512-azINV9dUtzPMFQktvTXciNAfAuVh/L/JCl0vtPCwvOA21uZrC08K/UnmrL+SXGEVc1FwzjW62+xw5S/uaLj6cA==",
        "dependencies": {
          "constantinople": "constantinople@4.0.1",
          "js-stringify": "js-stringify@1.0.2",
          "pug-runtime": "pug-runtime@3.0.1"
        }
      },
      "pug-code-gen@3.0.3": {
        "integrity": "sha512-cYQg0JW0w32Ux+XTeZnBEeuWrAY7/HNE6TWnhiHGnnRYlCgyAUPoyh9KzCMa9WhcJlJ1AtQqpEYHc+vbCzA+Aw==",
        "dependencies": {
          "constantinople": "constantinople@4.0.1",
          "doctypes": "doctypes@1.1.0",
          "js-stringify": "js-stringify@1.0.2",
          "pug-attrs": "pug-attrs@3.0.0",
          "pug-error": "pug-error@2.1.0",
          "pug-runtime": "pug-runtime@3.0.1",
          "void-elements": "void-elements@3.1.0",
          "with": "with@7.0.2"
        }
      },
      "pug-error@2.1.0": {
        "integrity": "sha512-lv7sU9e5Jk8IeUheHata6/UThZ7RK2jnaaNztxfPYUY+VxZyk/ePVaNZ/vwmH8WqGvDz3LrNYt/+gA55NDg6Pg==",
        "dependencies": {}
      },
      "pug-filters@4.0.0": {
        "integrity": "sha512-yeNFtq5Yxmfz0f9z2rMXGw/8/4i1cCFecw/Q7+D0V2DdtII5UvqE12VaZ2AY7ri6o5RNXiweGH79OCq+2RQU4A==",
        "dependencies": {
          "constantinople": "constantinople@4.0.1",
          "jstransformer": "jstransformer@1.0.0",
          "pug-error": "pug-error@2.1.0",
          "pug-walk": "pug-walk@2.0.0",
          "resolve": "resolve@1.22.8"
        }
      },
      "pug-lexer@5.0.1": {
        "integrity": "sha512-0I6C62+keXlZPZkOJeVam9aBLVP2EnbeDw3An+k0/QlqdwH6rv8284nko14Na7c0TtqtogfWXcRoFE4O4Ff20w==",
        "dependencies": {
          "character-parser": "character-parser@2.2.0",
          "is-expression": "is-expression@4.0.0",
          "pug-error": "pug-error@2.1.0"
        }
      },
      "pug-linker@4.0.0": {
        "integrity": "sha512-gjD1yzp0yxbQqnzBAdlhbgoJL5qIFJw78juN1NpTLt/mfPJ5VgC4BvkoD3G23qKzJtIIXBbcCt6FioLSFLOHdw==",
        "dependencies": {
          "pug-error": "pug-error@2.1.0",
          "pug-walk": "pug-walk@2.0.0"
        }
      },
      "pug-load@3.0.0": {
        "integrity": "sha512-OCjTEnhLWZBvS4zni/WUMjH2YSUosnsmjGBB1An7CsKQarYSWQ0GCVyd4eQPMFJqZ8w9xgs01QdiZXKVjk92EQ==",
        "dependencies": {
          "object-assign": "object-assign@4.1.1",
          "pug-walk": "pug-walk@2.0.0"
        }
      },
      "pug-parser@6.0.0": {
        "integrity": "sha512-ukiYM/9cH6Cml+AOl5kETtM9NR3WulyVP2y4HOU45DyMim1IeP/OOiyEWRr6qk5I5klpsBnbuHpwKmTx6WURnw==",
        "dependencies": {
          "pug-error": "pug-error@2.1.0",
          "token-stream": "token-stream@1.0.0"
        }
      },
      "pug-runtime@3.0.1": {
        "integrity": "sha512-L50zbvrQ35TkpHwv0G6aLSuueDRwc/97XdY8kL3tOT0FmhgG7UypU3VztfV/LATAvmUfYi4wNxSajhSAeNN+Kg==",
        "dependencies": {}
      },
      "pug-strip-comments@2.0.0": {
        "integrity": "sha512-zo8DsDpH7eTkPHCXFeAk1xZXJbyoTfdPlNR0bK7rpOMuhBYb0f5qUVCO1xlsitYd3w5FQTK7zpNVKb3rZoUrrQ==",
        "dependencies": {
          "pug-error": "pug-error@2.1.0"
        }
      },
      "pug-walk@2.0.0": {
        "integrity": "sha512-yYELe9Q5q9IQhuvqsZNwA5hfPkMJ8u92bQLIMcsMxf/VADjNtEYptU+inlufAFYcWdHlwNfZOEnOOQrZrcyJCQ==",
        "dependencies": {}
      },
      "pug@3.0.3": {
        "integrity": "sha512-uBi6kmc9f3SZ3PXxqcHiUZLmIXgfgWooKWXcwSGwQd2Zi5Rb0bT14+8CJjJgI8AB+nndLaNgHGrcc6bPIB665g==",
        "dependencies": {
          "pug-code-gen": "pug-code-gen@3.0.3",
          "pug-filters": "pug-filters@4.0.0",
          "pug-lexer": "pug-lexer@5.0.1",
          "pug-linker": "pug-linker@4.0.0",
          "pug-load": "pug-load@3.0.0",
          "pug-parser": "pug-parser@6.0.0",
          "pug-runtime": "pug-runtime@3.0.1",
          "pug-strip-comments": "pug-strip-comments@2.0.0"
        }
      },
      "readdirp@3.6.0": {
        "integrity": "sha512-hOS089on8RduqdbhvQ5Z37A0ESjsqz6qnRcffsMU3495FuTdqSm+7bhJ29JvIOsBDEEnan5DPu9t3To9VRlMzA==",
        "dependencies": {
          "picomatch": "picomatch@2.3.1"
        }
      },
      "resolve@1.22.8": {
        "integrity": "sha512-oKWePCxqpd6FlLvGV1VU0x7bkPmmCNolxzjMf4NczoDnQcIWrAF+cPtZn5i6n+RfD2d9i0tzpKnG6Yk168yIyw==",
        "dependencies": {
          "is-core-module": "is-core-module@2.13.1",
          "path-parse": "path-parse@1.0.7",
          "supports-preserve-symlinks-flag": "supports-preserve-symlinks-flag@1.0.0"
        }
      },
      "sass@1.77.4": {
        "integrity": "sha512-vcF3Ckow6g939GMA4PeU7b2K/9FALXk2KF9J87txdHzXbUF9XRQRwSxcAs/fGaTnJeBFd7UoV22j3lzMLdM0Pw==",
        "dependencies": {
          "chokidar": "chokidar@3.6.0",
          "immutable": "immutable@4.3.6",
          "source-map-js": "source-map-js@1.2.0"
        }
      },
      "set-function-length@1.2.2": {
        "integrity": "sha512-pgRc4hJ4/sNjWCSS9AmnS40x3bNMDTknHgL5UaMBTMyJnU90EgWh1Rz+MC9eFu4BuN/UwZjKQuY/1v3rM7HMfg==",
        "dependencies": {
          "define-data-property": "define-data-property@1.1.4",
          "es-errors": "es-errors@1.3.0",
          "function-bind": "function-bind@1.1.2",
          "get-intrinsic": "get-intrinsic@1.2.4",
          "gopd": "gopd@1.0.1",
          "has-property-descriptors": "has-property-descriptors@1.0.2"
        }
      },
      "source-map-js@1.2.0": {
        "integrity": "sha512-itJW8lvSA0TXEphiRoawsCksnlf8SyvmFzIhltqAHluXd88pkCd+cXJVHTDwdCr0IzwptSm035IHQktUu1QUMg==",
        "dependencies": {}
      },
      "supports-color@7.2.0": {
        "integrity": "sha512-qpCAvRl9stuOHveKsn7HncJRvv501qIacKzQlO/+Lwxc9+0q2wLyv4Dfvt80/DPn2pqOBsJdDiogXGR9+OvwRw==",
        "dependencies": {
          "has-flag": "has-flag@4.0.0"
        }
      },
      "supports-preserve-symlinks-flag@1.0.0": {
        "integrity": "sha512-ot0WnXS9fgdkgIcePe6RHNk1WA8+muPa6cSjeR3V8K27q9BB1rTE3R1p7Hv0z1ZyAc8s6Vvv8DIyWf681MAt0w==",
        "dependencies": {}
      },
      "to-fast-properties@2.0.0": {
        "integrity": "sha512-/OaKK0xYrs3DmxRYqL/yDc+FxFUVYhDlXMhRmv3z915w2HF1tnN1omB354j8VUGO/hbRzyD6Y3sA7v7GS/ceog==",
        "dependencies": {}
      },
      "to-regex-range@5.0.1": {
        "integrity": "sha512-65P7iz6X5yEr1cwcgvQxbbIw7Uk3gOy5dIdtZ4rDveLqhrdJP+Li/Hx6tyK0NEb+2GCyneCMJiGqrADCSNk8sQ==",
        "dependencies": {
          "is-number": "is-number@7.0.0"
        }
      },
      "token-stream@1.0.0": {
        "integrity": "sha512-VSsyNPPW74RpHwR8Fc21uubwHY7wMDeJLys2IX5zJNih+OnAnaifKHo+1LHT7DAdloQ7apeaaWg8l7qnf/TnEg==",
        "dependencies": {}
      },
      "trough@2.2.0": {
        "integrity": "sha512-tmMpK00BjZiUyVyvrBK7knerNgmgvcV/KLVyuma/SC+TQN167GrMRciANTz09+k3zW8L8t60jWO1GpfkZdjTaw==",
        "dependencies": {}
      },
      "unified@11.0.4": {
        "integrity": "sha512-apMPnyLjAX+ty4OrNap7yumyVAMlKx5IWU2wlzzUdYJO9A8f1p9m/gywF/GM2ZDFcjQPrx59Mc90KwmxsoklxQ==",
        "dependencies": {
          "@types/unist": "@types/unist@3.0.2",
          "bail": "bail@2.0.2",
          "devlop": "devlop@1.1.0",
          "extend": "extend@3.0.2",
          "is-plain-obj": "is-plain-obj@4.1.0",
          "trough": "trough@2.2.0",
          "vfile": "vfile@6.0.1"
        }
      },
      "unist-util-stringify-position@4.0.0": {
        "integrity": "sha512-0ASV06AAoKCDkS2+xw5RXJywruurpbC4JZSm7nr7MOt1ojAzvyyaO+UxZf18j8FCF6kmzCZKcAgN/yu2gm2XgQ==",
        "dependencies": {
          "@types/unist": "@types/unist@3.0.2"
        }
      },
      "vfile-message@4.0.2": {
        "integrity": "sha512-jRDZ1IMLttGj41KcZvlrYAaI3CfqpLpfpf+Mfig13viT6NKvRzWZ+lXz0Y5D60w6uJIBAOGq9mSHf0gktF0duw==",
        "dependencies": {
          "@types/unist": "@types/unist@3.0.2",
          "unist-util-stringify-position": "unist-util-stringify-position@4.0.0"
        }
      },
      "vfile@6.0.1": {
        "integrity": "sha512-1bYqc7pt6NIADBJ98UiG0Bn/CHIVOoZ/IyEkqIruLg0mE1BKzkOXY2D6CSqQIcKqgadppE5lrxgWXJmXd7zZJw==",
        "dependencies": {
          "@types/unist": "@types/unist@3.0.2",
          "unist-util-stringify-position": "unist-util-stringify-position@4.0.0",
          "vfile-message": "vfile-message@4.0.2"
        }
      },
      "void-elements@3.1.0": {
        "integrity": "sha512-Dhxzh5HZuiHQhbvTW9AMetFfBHDMYpo23Uo9btPXgdYP+3T5S+p+jgNy7spra+veYhBP2dCSgxR/i2Y02h5/6w==",
        "dependencies": {}
      },
      "with@7.0.2": {
        "integrity": "sha512-RNGKj82nUPg3g5ygxkQl0R937xLyho1J24ItRCBTr/m1YnZkzJy1hUiHUJrc/VlsDQzsCnInEGSg3bci0Lmd4w==",
        "dependencies": {
          "@babel/parser": "@babel/parser@7.24.6",
          "@babel/types": "@babel/types@7.24.6",
          "assert-never": "assert-never@1.2.1",
          "babel-walk": "babel-walk@3.0.0-canary-5"
        }
      }
    }
  },
  "redirects": {
    "https://esm.run/react": "https://cdn.jsdelivr.net/npm/react/+esm",
    "https://esm.run/react-dom/server": "https://cdn.jsdelivr.net/npm/react-dom/server/+esm"
  },
  "remote": {
    "https://cdn.jsdelivr.net/npm/react-dom/server/+esm": "2a9c0ad7e5ce9693de85553f9b46e80f287455a3949db4a8ce4c1469880116da",
    "https://cdn.jsdelivr.net/npm/react/+esm": "6b271bd0ec11e4092ec5c049156728697cc6ebef8af14d29afb34c77cfed0956",
    "https://cdn.jsdelivr.net/npm/react@18.2.0/+esm": "6b271bd0ec11e4092ec5c049156728697cc6ebef8af14d29afb34c77cfed0956",
    "https://deno.land/x/vixeny_prespective@v0.3.2/main.ts": "6ba8ce2866da60fd95607beced61447c9a281a05f1574bfadb38f2ff15c6de90",
    "https://deno.land/x/vixeny_prespective@v0.3.2/src/ejs/ejsRender.ts": "10770dc1d3be2d47466f3234249731e5270bde76106ffea832fea454869b7293",
    "https://deno.land/x/vixeny_prespective@v0.3.2/src/ejs/staticServer.ts": "63b601beaf2905fa5c39f5817e7efa799de7699a1bc6e6fd4868aa5504d6510f",
    "https://deno.land/x/vixeny_prespective@v0.3.2/src/jsx/staticServe.ts": "39fcab86e3b15e2597e81ea467365a8848e0cdae336f9c61e65387b6a545af24",
    "https://deno.land/x/vixeny_prespective@v0.3.2/src/postcss/staticServer.ts": "926b3a0a4c4e8f48e369d3a0ae34314bdd1e3b6db9b4f254a0668b2782d12915",
    "https://deno.land/x/vixeny_prespective@v0.3.2/src/pug/pugRender.ts": "22a2c338b497900fc1bba21d6f00a46efeb5731a15af95367af169d6f344cf63",
    "https://deno.land/x/vixeny_prespective@v0.3.2/src/pug/staticServer.ts": "1795dc3caf1d5473ae7fc1f424d57db661934d3cde5286d8a51d482f66a78d41",
    "https://deno.land/x/vixeny_prespective@v0.3.2/src/remark/staticServer.ts": "3581e7df8b1e4448adf0e5e8af2a6026065c50ff6fbcd42ed1ffe14f6b4361aa",
    "https://deno.land/x/vixeny_prespective@v0.3.2/src/sass/staticServer.ts": "4c23a4d62a38674fa4b295061c373955fbc91e1410f71e647fe37a9e9d7f99f5",
    "https://deno.land/x/vixeny_prespective@v0.3.2/src/tsx/staticServe.ts": "525f3d8a10af19248d0784f409a6a4d19f8528b1e4de43e2a6c121fccd4030be",
    "https://deno.land/x/vixeny_prespective@v0.3.2/src/typescript/staticServe.ts": "8d763546664bba52831587d7485f48a0059abb0c061a2c0ca62e656fffb119f4",
    "https://deno.land/x/vixeny_prespective@v0.3.2/ws/injectable.ts": "150e3fc5787d829e06dda1f3833da7729af4c2674ce153f7bd5973c1af92d9d2",
    "https://deno.land/x/vixeny_prespective@v0.3.2/ws/mainBun.ts": "66baf9b8f41ae276c5c92ed7bc6466764ec3c5819d23992ea3f9d63d916c2664",
    "https://deno.land/x/vixeny_prespective@v0.3.2/ws/mainDeno.ts": "f5610fb4aba0a4d5149fb9ec53fc451f3f85dde209371531a525ff50b073afa7",
    "https://deno.land/x/vixeny_prespective@v0.3.2/ws/mainServe.ts": "8a5f873241b046a69fa5ce505cb2f8d73f630c44921cf4dbc3179be3ae023ed2"
  },
  "workspace": {
    "dependencies": [
      "jsr:@db/sqlite@0.11",
      "jsr:@vixeny/core@0.1.42",
      "npm:@feathersjs/schema",
      "npm:@sinclair/typebox@latest",
      "npm:autoprefixer",
      "npm:ejs",
      "npm:esbuild",
      "npm:postcss",
      "npm:postcss-nested",
      "npm:pug",
      "npm:sass",
      "npm:unified"
    ],
    "packageJson": {
      "dependencies": [
        "npm:@feathersjs/schema@latest",
        "npm:@sinclair/typebox@latest",
        "npm:bun-types@^1.0.2",
        "npm:esbuild@^0.20.1",
        "npm:pug@^3.0.2",
        "npm:vixeny-perspective@latest",
        "npm:vixeny@latest"
      ]
    }
  }
}
